
Microsoft Visual Studio Solution File, Format Version 12.00
# Visual Studio Version 17
VisualStudioVersion = 17.10.35027.167
MinimumVisualStudioVersion = 10.0.40219.1
Project("{FAE04EC0-301F-11D3-BF4B-00C04F79EFBC}") = "GetUncommented", "GetUncommented\GetUncommented.csproj", "{0F6ABAB9-4AEF-4A38-BB1B-16B003454883}"
EndProject
Global
	GlobalSection(SolutionConfigurationPlatforms) = preSolution
		Debug|Any CPU = Debug|Any CPU
		Release|Any CPU = Release|Any CPU
	EndGlobalSection
	GlobalSection(ProjectConfigurationPlatforms) = postSolution
		{0F6ABAB9-4AEF-4A38-BB1B-16B003454883}.Debug|Any CPU.ActiveCfg = Debug|Any CPU
		{0F6ABAB9-4AEF-4A38-BB1B-16B003454883}.Debug|Any CPU.Build.0 = Debug|Any CPU
		{0F6ABAB9-4AEF-4A38-BB1B-16B003454883}.Release|Any CPU.ActiveCfg = Release|Any CPU
		{0F6ABAB9-4AEF-4A38-BB1B-16B003454883}.Release|Any CPU.Build.0 = Release|Any CPU
	EndGlobalSection
	GlobalSection(SolutionProperties) = preSolution
		HideSolutionNode = FALSE
	EndGlobalSection
	GlobalSection(ExtensibilityGlobals) = postSolution
		SolutionGuid = {F712014C-593E-4890-8500-675ED7A8D58B}
	EndGlobalSection
EndGlobal
